<?xml version="1.0" encoding="utf-8"?>
<Project ToolsVersion="4.0" xmlns="http://schemas.microsoft.com/developer/msbuild/2003">
  <ItemGroup>
    <ClCompile Include="Main.cpp" />
    <ClCompile Include="Source\Math\Vec2.cpp" />
    <ClCompile Include="Source\Math\Vec3.cpp" />
    <ClCompile Include="Source\Device\Camera.cpp" />
    <ClCompile Include="Source\Device\DirectXManager.cpp" />
    <ClCompile Include="Source\Device\Input.cpp" />
    <ClCompile Include="Source\Actor\GameObject.cpp" />
    <ClCompile Include="Source\Actor\GameObjectManager.cpp" />
    <ClCompile Include="Source\Def\Screen.cpp" />
    <ClCompile Include="Source\Utility\Timer.cpp" />
    <ClCompile Include="Source\Game.cpp" />
    <ClCompile Include="Source\WindowInstance.cpp" />
    <ClCompile Include="Source\Device\CameraEffect\CameraEffectManager.cpp" />
    <ClCompile Include="Source\Device\CameraEffect\CameraShake.cpp" />
    <ClCompile Include="Source\Math\MathUtility.cpp" />
    <ClCompile Include="Source\Component\AbstractComponent.cpp" />
    <ClCompile Include="Source\Component\ComponentManager.cpp" />
    <ClCompile Include="Source\Utility\State\StateManager.cpp" />
    <ClCompile Include="Source\Scene\SceneManager.cpp" />
    <ClCompile Include="Source\Device\GameTime.cpp" />
    <ClCompile Include="Source\Device\Renderer.cpp" />
    <ClCompile Include="Source\Device\GameDevice.cpp" />
    <ClCompile Include="Source\Device\Buffer\VertexBuffer.cpp" />
    <ClCompile Include="Source\Device\Base\SpriteVertex.cpp" />
    <ClCompile Include="Source\Device\Buffer\IndexBuffer.cpp" />
    <ClCompile Include="Source\Utility\Color.cpp" />
    <ClCompile Include="Source\Math\RectF.cpp" />
    <ClCompile Include="Source\Device\File\CSVReader.cpp" />
    <ClCompile Include="Source\Device\Buffer\ConstantBuffer.cpp" />
    <ClCompile Include="Source\Physics\PhysicsWorld.cpp" />
    <ClCompile Include="Source\Component\Physics\AbstractCollider2D.cpp" />
    <ClCompile Include="Source\Physics\CollisionHit2D.cpp" />
    <ClCompile Include="Source\Component\Physics\BoxCollder2D.cpp" />
    <ClCompile Include="Source\Physics\PhysicsCalc.cpp" />
    <ClCompile Include="Source\Component\Physics\CircleCollider2D.cpp" />
    <ClCompile Include="Source\Utility\StringUtility.cpp" />
    <ClCompile Include="Source\Component\Graphics\SpriteRenderer.cpp" />
    <ClCompile Include="Source\Device\Resource\TextureManager.cpp" />
    <ClCompile Include="Source\Device\Base\MeshVertex.cpp" />
    <ClCompile Include="Source\Device\Resource\Mesh.cpp" />
    <ClCompile Include="Source\Component\Graphics\MeshRenderer.cpp" />
    <ClCompile Include="Source\Device\Resource\Shader\PixelShader.cpp" />
    <ClCompile Include="Source\Device\Resource\Shader\VertexShader.cpp" />
    <ClCompile Include="Source\Device\Resource\Shader\ShaderManager.cpp" />
    <ClCompile Include="Source\Device\Resource\MeshManager.cpp" />
    <ClCompile Include="Source\Scene\TestScene.cpp" />
    <ClCompile Include="Source\Physics\Box2D.cpp" />
    <ClCompile Include="Source\Physics\Sphere3D.cpp" />
    <ClCompile Include="Source\Physics\CollisionHit3D.cpp" />
    <ClCompile Include="Source\Component\Physics\AbstractCollider3D.cpp" />
    <ClCompile Include="Source\Actor\Test\Tester.cpp" />
    <ClCompile Include="Source\Physics\Box3D.cpp" />
    <ClCompile Include="Source\Component\Transform.cpp" />
    <ClCompile Include="Source\Math\Easing.cpp" />
    <ClCompile Include="Source\Device\Resource\AudioData.cpp" />
    <ClCompile Include="Source\Device\Resource\AudioInstance.cpp" />
    <ClCompile Include="Source\Device\Resource\AudioManager.cpp" />
    <ClCompile Include="Source\Component\Audio\AudioSource.cpp" />
    <ClCompile Include="Source\Utility\Action\MoveBy.cpp" />
    <ClCompile Include="Source\Utility\Action\MoveTo.cpp" />
    <ClCompile Include="Source\Utility\Action\Repeat.cpp" />
    <ClCompile Include="Source\Utility\Action\RepeatForever.cpp" />
    <ClCompile Include="Source\Utility\Action\RepeatTime.cpp" />
    <ClCompile Include="Source\Utility\Action\Sequence.cpp" />
    <ClCompile Include="Source\Utility\Action\Spawn.cpp" />
    <ClCompile Include="Source\Utility\Action\WaitForSeconds.cpp" />
    <ClCompile Include="Source\Utility\Action\AbstractAction.cpp" />
    <ClCompile Include="Source\Component\ActionManager.cpp" />
    <ClCompile Include="Source\Utility\Random.cpp" />
    <ClCompile Include="Source\Device\Resource\FontManager.cpp" />
    <ClCompile Include="Source\Component\Graphics\TextRenderer.cpp" />
    <ClCompile Include="Source\Device\Resource\RenderTarget.cpp" />
    <ClCompile Include="Source\Component\Test\SimpleMove.cpp" />
    <ClCompile Include="Source\Utility\Action\ScaleTo.cpp" />
    <ClCompile Include="Source\Utility\Action\ScaleBy.cpp" />
    <ClCompile Include="Source\Component\Graphics\CustomRenderer2D.cpp" />
    <ClCompile Include="Source\Actor\Test\TestSplat.cpp" />
    <ClCompile Include="Source\Component\Graphics\PostEffect\MetaBallRenderer.cpp" />
    <ClCompile Include="Source\Component\Graphics\PostEffect\SplashMask.cpp" />
    <ClCompile Include="Source\Component\Graphics\PostEffect\DefaultRender.cpp" />
    <ClCompile Include="Source\Actor\Test\TestSplatNode.cpp" />
    <ClCompile Include="Source\Actor\Test\WaterDrop.cpp" />
    <ClCompile Include="Source\Actor\Test\WaterDrop2.cpp" />
  </ItemGroup>
  <ItemGroup>
    <ClInclude Include="Source\Scene\AbstractScene.h" />
    <ClInclude Include="Source\Math\Vec2.h" />
    <ClInclude Include="Source\Math\Vec3.h" />
    <ClInclude Include="Source\Device\Camera.h" />
    <ClInclude Include="Source\Device\DirectXManager.h" />
    <ClInclude Include="Source\Device\Input.h" />
    <ClInclude Include="Source\Actor\GameObject.h" />
    <ClInclude Include="Source\Actor\GameObjectManager.h" />
    <ClInclude Include="Source\Def\Screen.h" />
    <ClInclude Include="Source\Utility\Timer.h" />
    <ClInclude Include="Source\Game.h" />
    <ClInclude Include="Source\WindowInstance.h" />
    <ClInclude Include="Source\Def\ManagerConfig.h" />
    <ClInclude Include="Source\Device\CameraEffect\CameraEffectManager.h" />
    <ClInclude Include="Source\Device\CameraEffect\CameraShake.h" />
    <ClInclude Include="Source\Device\CameraEffect\ICameraEffect.h" />
    <ClInclude Include="Source\Math\MathUtility.h" />
    <ClInclude Include="Source\Component\AbstractComponent.h" />
    <ClInclude Include="Source\Component\ComponentManager.h" />
    <ClInclude Include="Source\Utility\State\IState.h" />
    <ClInclude Include="Source\Utility\State\StateManager.h" />
    <ClInclude Include="Source\Scene\SceneManager.h" />
    <ClInclude Include="Source\Device\GameTime.h" />
    <ClInclude Include="Source\Actor\IGameMediator.h" />
    <ClInclude Include="Source\Actor\Test\TestObject.h" />
    <ClInclude Include="Source\Device\Renderer.h" />
    <ClInclude Include="Source\Device\GameDevice.h" />
    <ClInclude Include="Source\Device\Buffer\VertexBuffer.h" />
    <ClInclude Include="Source\Device\Base\SpriteVertex.h" />
    <ClInclude Include="Source\Device\Buffer\IndexBuffer.h" />
    <ClInclude Include="Source\Utility\Color.h" />
    <ClInclude Include="Source\Math\RectF.h" />
    <ClInclude Include="Source\Device\File\CSVReader.h" />
    <ClInclude Include="Source\Device\Buffer\ConstantBuffer.h" />
    <ClInclude Include="Source\Device\Buffer\WVPConstantBuffer.h" />
    <ClInclude Include="Source\Device\Buffer\SpriteConstantBuffer.h" />
    <ClInclude Include="Source\Physics\PhysicsWorld.h" />
    <ClInclude Include="Source\Component\Physics\AbstractCollider2D.h" />
    <ClInclude Include="Source\Physics\CollisionHit2D.h" />
    <ClInclude Include="Source\Component\Physics\BoxCollider2D.h" />
    <ClInclude Include="Source\Physics\PhysicsCalc.h" />
    <ClInclude Include="Source\Component\Physics\CircleCollider2D.h" />
    <ClInclude Include="Source\Utility\StringUtility.h" />
    <ClInclude Include="Source\Physics\PhysicsLayer.h" />
    <ClInclude Include="Source\Component\Graphics\SpriteRenderer.h" />
    <ClInclude Include="Source\Device\Base\MeshVertex.h" />
    <ClInclude Include="Source\Device\Resource\TextureManager.h" />
    <ClInclude Include="Source\Device\Resource\Mesh.h" />
    <ClInclude Include="Source\Device\Resource\MeshManager.h" />
    <ClInclude Include="Source\Component\Graphics\MeshRenderer.h" />
    <ClInclude Include="Source\Device\Resource\Shader\PixelShader.h" />
    <ClInclude Include="Source\Device\Resource\Shader\VertexShader.h" />
    <ClInclude Include="Source\Device\Resource\Shader\ShaderManager.h" />
    <ClInclude Include="Source\Scene\TestScene.h" />
    <ClInclude Include="Source\Physics\IShape2D.h" />
    <ClInclude Include="Source\Physics\Box2D.h" />
    <ClInclude Include="Source\Device\Buffer\MeshPSBuffer.h" />
    <ClInclude Include="Source\Physics\IShape3D.h" />
    <ClInclude Include="Source\Physics\Sphere3D.h" />
    <ClInclude Include="Source\Physics\CollisionHit3D.h" />
    <ClInclude Include="Source\Component\Physics\AbstractCollider3D.h" />
    <ClInclude Include="Source\Actor\Test\Tester.h" />
    <ClInclude Include="Source\Component\Physics\SphereCollider3D.h" />
    <ClInclude Include="Source\Physics\Box3D.h" />
    <ClInclude Include="Source\Component\Physics\BoxCollider3D.h" />
    <ClInclude Include="Source\Component\Transform.h" />
    <ClInclude Include="Source\Math\Easing.h" />
    <ClInclude Include="Source\Device\Resource\AudioManager.h" />
    <ClInclude Include="Source\Device\Resource\AudioData.h" />
    <ClInclude Include="Source\Device\Resource\AudioInstance.h" />
    <ClInclude Include="Source\Component\Audio\AudioSource.h" />
    <ClInclude Include="Source\Utility\Action\AbstractAction.h" />
    <ClInclude Include="Source\Utility\Action\Actions.h" />
    <ClInclude Include="Source\Utility\Action\MoveBy.h" />
    <ClInclude Include="Source\Utility\Action\MoveTo.h" />
    <ClInclude Include="Source\Utility\Action\Repeat.h" />
    <ClInclude Include="Source\Utility\Action\RepeatForever.h" />
    <ClInclude Include="Source\Utility\Action\RepeatTime.h" />
    <ClInclude Include="Source\Utility\Action\Sequence.h" />
    <ClInclude Include="Source\Utility\Action\Spawn.h" />
    <ClInclude Include="Source\Utility\Action\WaitForSeconds.h" />
    <ClInclude Include="Source\Utility\Action\EasingActions.h" />
    <ClInclude Include="Source\Component\ActionManager.h" />
    <ClInclude Include="Source\Utility\Random.h" />
    <ClInclude Include="Source\Device\Resource\FontManager.h" />
    <ClInclude Include="Source\Component\Graphics\TextRenderer.h" />
    <ClInclude Include="Source\Device\Resource\FontOption.h" />
    <ClInclude Include="Source\Component\Graphics\IRenderer2D.h" />
    <ClInclude Include="Source\Device\Resource\RenderTarget.h" />
    <ClInclude Include="Source\Component\Test\SimpleMove.h" />
    <ClInclude Include="Source\Component\Test\MetaBallRenderer.h" />
    <ClInclude Include="Source\Utility\Action\ScaleTo.h" />
    <ClInclude Include="Source\Utility\Action\ScaleBy.h" />
    <ClInclude Include="Source\Component\Graphics\GraphicsLayer.h" />
    <ClInclude Include="Source\Component\Graphics\CustomRenderer2D.h" />
    <ClInclude Include="Source\Actor\Test\TestSplat.h" />
    <ClInclude Include="Source\Component\Graphics\PostEffect\IPostEffectRenderer.h" />
    <ClInclude Include="Source\Component\Graphics\PostEffect\MetaBallRenderer.h" />
    <ClInclude Include="Source\Component\Graphics\PostEffect\SplashMask.h" />
    <ClInclude Include="Source\Component\Graphics\PostEffect\DefaultRender.h" />
    <ClInclude Include="Source\Actor\Test\TestSplatNode.h" />
    <ClInclude Include="Source\Actor\Test\WaterDrop.h" />
    <ClInclude Include="Source\Actor\Test\WaterDrop2.h" />
  </ItemGroup>
  <ItemGroup>
    <FxCompile Include="Assets\Shaders\BasicPS.hlsl" />
    <FxCompile Include="Assets\Shaders\BasicVS.hlsl" />
    <FxCompile Include="Assets\Shaders\BlurPS.hlsl" />
    <FxCompile Include="Assets\Shaders\MeshPS.hlsl" />
    <FxCompile Include="Assets\Shaders\MeshVS.hlsl" />
    <FxCompile Include="Assets\Shaders\MetaBallPS.hlsl" />
    <FxCompile Include="Assets\Shaders\SpritePS.hlsl" />
    <FxCompile Include="Assets\Shaders\SpriteVS.hlsl" />
    <FxCompile Include="Assets\Shaders\WaterFallGame\CircleFillPS.hlsl" />
    <FxCompile Include="Assets\Shaders\WaterFallGame\CircleGradPS.hlsl" />
    <FxCompile Include="Assets\Shaders\WaterFallGame\SplashPS.hlsl" />
  </ItemGroup>
</Project>